
Microsoft Visual Studio Solution File, Format Version 12.00
# Visual Studio Version 16
VisualStudioVersion = 16.0.31424.327
MinimumVisualStudioVersion = 10.0.40219.1
Project("{FAE04EC0-301F-11D3-BF4B-00C04F79EFBC}") = "WpfApp1", "WpfApp1\WpfApp1.csproj", "{6EEBD11A-A890-41ED-9147-1A6B2BE9F05B}"
EndProject
Global
	GlobalSection(SolutionConfigurationPlatforms) = preSolution
		Debug|Any CPU = Debug|Any CPU
		Release|Any CPU = Release|Any CPU
	EndGlobalSection
	GlobalSection(ProjectConfigurationPlatforms) = postSolution
		{6EEBD11A-A890-41ED-9147-1A6B2BE9F05B}.Debug|Any CPU.ActiveCfg = Debug|Any CPU
		{6EEBD11A-A890-41ED-9147-1A6B2BE9F05B}.Debug|Any CPU.Build.0 = Debug|Any CPU
		{6EEBD11A-A890-41ED-9147-1A6B2BE9F05B}.Release|Any CPU.ActiveCfg = Release|Any CPU
		{6EEBD11A-A890-41ED-9147-1A6B2BE9F05B}.Release|Any CPU.Build.0 = Release|Any CPU
	EndGlobalSection
	GlobalSection(SolutionProperties) = preSolution
		HideSolutionNode = FALSE
	EndGlobalSection
	GlobalSection(ExtensibilityGlobals) = postSolution
		SolutionGuid = {84CD6FE7-707B-439C-9499-78D653628081}
	EndGlobalSection
EndGlobal
